
Microsoft Visual Studio Solution File, Format Version 12.00
# Visual Studio Version 16
VisualStudioVersion = 16.0.31829.152
MinimumVisualStudioVersion = 10.0.40219.1
Project("{FAE04EC0-301F-11D3-BF4B-00C04F79EFBC}") = "Uppgift1", "Uppgift1\Uppgift1.csproj", "{10B99B43-129C-4F3B-B509-A96C970A2B41}"
EndProject
Global
	GlobalSection(SolutionConfigurationPlatforms) = preSolution
		Debug|Any CPU = Debug|Any CPU
		Release|Any CPU = Release|Any CPU
	EndGlobalSection
	GlobalSection(ProjectConfigurationPlatforms) = postSolution
		{10B99B43-129C-4F3B-B509-A96C970A2B41}.Debug|Any CPU.ActiveCfg = Debug|Any CPU
		{10B99B43-129C-4F3B-B509-A96C970A2B41}.Debug|Any CPU.Build.0 = Debug|Any CPU
		{10B99B43-129C-4F3B-B509-A96C970A2B41}.Release|Any CPU.ActiveCfg = Release|Any CPU
		{10B99B43-129C-4F3B-B509-A96C970A2B41}.Release|Any CPU.Build.0 = Release|Any CPU
	EndGlobalSection
	GlobalSection(SolutionProperties) = preSolution
		HideSolutionNode = FALSE
	EndGlobalSection
	GlobalSection(ExtensibilityGlobals) = postSolution
		SolutionGuid = {6A404C62-D362-42E6-8AB5-E4009DDC92FF}
	EndGlobalSection
EndGlobal
